{
  "requires": true,
  "lockfileVersion": 1,
  "dependencies": {
    "array-differ": {
      "version": "3.0.0",
      "resolved": "https://registry.npmjs.org/array-differ/-/array-differ-3.0.0.tgz",
      "integrity": "sha512-THtfYS6KtME/yIAhKjZ2ul7XI96lQGHRputJQHO80LAWQnuGP4iCIN8vdMRboGbIEYBwU33q8Tch1os2+X0kMg=="
    },
    "strapi-provider-upload-windows-network-drive-local": {
      "version": "1.0.6",
      "resolved": "https://registry.npmjs.org/strapi-provider-upload-windows-network-drive-local/-/strapi-provider-upload-windows-network-drive-local-1.0.6.tgz",
      "integrity": "sha512-9Ihfep36NNnCCM5FoHMeCGRH0fmfqs9D0YEQ0bSEgkBSV3H5zBiJ6M3/NbfyTV/c3h3C7H13GuS7HNqr6uG54g==",
      "requires": {
        "windows-network-drive": "^3.0.1"
      }
    },
    "windows-drive-letters": {
      "version": "4.0.0",
      "resolved": "https://registry.npmjs.org/windows-drive-letters/-/windows-drive-letters-4.0.0.tgz",
      "integrity": "sha512-LfmYvCS/PWc3AeMmN/PuessXKCofNXN91IooHMYHaLF4JFAboOAsT3sR+4b+tY/LiU3BZGy00FErpjq1w2Wvsw==",
      "requires": {
        "array-differ": "^3.0.0"
      }
    },
    "windows-network-drive": {
      "version": "3.0.1",
      "resolved": "https://registry.npmjs.org/windows-network-drive/-/windows-network-drive-3.0.1.tgz",
      "integrity": "sha512-n5+G/R/dcwoWGaAYnB9HxOoJJXcaYZEVi9SJ9p3uwBJrVb31O1VT3A4qb5pQRkDfYd2yXDx149ng1/cnpN7KBw==",
      "requires": {
        "windows-drive-letters": "^4.0.0"
      }
    }
  }
}
