
Microsoft Visual Studio Solution File, Format Version 12.00
# Visual Studio Version 16
VisualStudioVersion = 16.0.30225.117
MinimumVisualStudioVersion = 10.0.40219.1
Project("{FAE04EC0-301F-11D3-BF4B-00C04F79EFBC}") = "IMS.TimeSheet", "IMS.TimeSheet\IMS.TimeSheet.csproj", "{B58C8681-9B14-4FB6-B19F-A2955BE5D5A4}"
EndProject
Project("{FAE04EC0-301F-11D3-BF4B-00C04F79EFBC}") = "IMS.WorkFromHome", "IMS.WorkFromHome\IMS.WorkFromHome.csproj", "{0C664F84-7039-472A-9993-71C710381BC3}"
EndProject
Project("{FAE04EC0-301F-11D3-BF4B-00C04F79EFBC}") = "Canvas", "Canvas\Canvas.csproj", "{1D533E56-9B48-4578-A333-2FB44CEE900F}"
EndProject
Project("{9A19103F-16F7-4668-BE54-9A1E7A4F7556}") = "Canvas.Standard", "Canvas.Standard\Canvas.Standard.csproj", "{3DC5CC31-9CEB-43D5-837F-2DCC72D85390}"
EndProject
Project("{9A19103F-16F7-4668-BE54-9A1E7A4F7556}") = "Canvas.Core", "Canvas.Core\Canvas.Core.csproj", "{2F98F070-FBA2-49BA-85DA-66FD7F64E316}"
EndProject
Project("{9A19103F-16F7-4668-BE54-9A1E7A4F7556}") = "Canvas.GraphQL", "Canvas.GraphQL\Canvas.GraphQL.csproj", "{6C910852-09A5-4938-8B4E-E62DBDD49010}"
EndProject
Project("{9A19103F-16F7-4668-BE54-9A1E7A4F7556}") = "Blazor.Server", "Canvas.Blazor.Server\Blazor.Server.csproj", "{74963BE9-CA0A-4C2B-A79C-09A7E372E7B8}"
EndProject
Project("{9A19103F-16F7-4668-BE54-9A1E7A4F7556}") = "Blazor.WebAssembly", "Blazor.WebAssembly\Blazor.WebAssembly.csproj", "{53DCBAC7-8CF9-4AD8-8B2B-298136114444}"
EndProject
Project("{9A19103F-16F7-4668-BE54-9A1E7A4F7556}") = "ML.SentimentAnalyzer", "ML.SentimentAnalyzer\ML.SentimentAnalyzer.csproj", "{CFEFF40C-814C-4BF4-AAD6-148182566224}"
EndProject
Project("{9A19103F-16F7-4668-BE54-9A1E7A4F7556}") = "ML.DetectFakeJobPosts", "ML.DetectFakeJobPosts\ML.DetectFakeJobPosts.csproj", "{9B6F4524-687A-4CB5-97D4-8814E7DC7C24}"
EndProject
Project("{FAE04EC0-301F-11D3-BF4B-00C04F79EFBC}") = "Canvas.Web", "Canvas.Web\Canvas.Web.csproj", "{1269AAE4-FEB4-4C78-A315-4C9F2D951E1D}"
EndProject
Project("{9A19103F-16F7-4668-BE54-9A1E7A4F7556}") = "Utilities.WhiteBoard", "Utilities.WhiteBoard\Utilities.WhiteBoard.csproj", "{7C910F48-8113-4172-826A-790559376DD7}"
EndProject
Project("{9A19103F-16F7-4668-BE54-9A1E7A4F7556}") = "Interoperability", "Interoperability\Interoperability.csproj", "{AAF222B8-4C6B-4BC6-93AC-E5207736056F}"
EndProject
Project("{FAE04EC0-301F-11D3-BF4B-00C04F79EFBC}") = "Botsay.CLI", "Botsay.CLI\Botsay.CLI.csproj", "{29C6B190-7C33-4912-8925-46787020D6B6}"
EndProject
Project("{FAE04EC0-301F-11D3-BF4B-00C04F79EFBC}") = "Canvas.WPF", "Canvas.WPF\Canvas.WPF.csproj", "{DB123B7D-C912-4AD4-9714-BFE1A32177FF}"
EndProject
Global
	GlobalSection(SolutionConfigurationPlatforms) = preSolution
		Debug|Any CPU = Debug|Any CPU
		Release|Any CPU = Release|Any CPU
	EndGlobalSection
	GlobalSection(ProjectConfigurationPlatforms) = postSolution
		{B58C8681-9B14-4FB6-B19F-A2955BE5D5A4}.Debug|Any CPU.ActiveCfg = Debug|Any CPU
		{B58C8681-9B14-4FB6-B19F-A2955BE5D5A4}.Debug|Any CPU.Build.0 = Debug|Any CPU
		{B58C8681-9B14-4FB6-B19F-A2955BE5D5A4}.Release|Any CPU.ActiveCfg = Release|Any CPU
		{B58C8681-9B14-4FB6-B19F-A2955BE5D5A4}.Release|Any CPU.Build.0 = Release|Any CPU
		{0C664F84-7039-472A-9993-71C710381BC3}.Debug|Any CPU.ActiveCfg = Debug|Any CPU
		{0C664F84-7039-472A-9993-71C710381BC3}.Debug|Any CPU.Build.0 = Debug|Any CPU
		{0C664F84-7039-472A-9993-71C710381BC3}.Release|Any CPU.ActiveCfg = Release|Any CPU
		{0C664F84-7039-472A-9993-71C710381BC3}.Release|Any CPU.Build.0 = Release|Any CPU
		{1D533E56-9B48-4578-A333-2FB44CEE900F}.Debug|Any CPU.ActiveCfg = Debug|Any CPU
		{1D533E56-9B48-4578-A333-2FB44CEE900F}.Debug|Any CPU.Build.0 = Debug|Any CPU
		{1D533E56-9B48-4578-A333-2FB44CEE900F}.Release|Any CPU.ActiveCfg = Release|Any CPU
		{1D533E56-9B48-4578-A333-2FB44CEE900F}.Release|Any CPU.Build.0 = Release|Any CPU
		{3DC5CC31-9CEB-43D5-837F-2DCC72D85390}.Debug|Any CPU.ActiveCfg = Debug|Any CPU
		{3DC5CC31-9CEB-43D5-837F-2DCC72D85390}.Debug|Any CPU.Build.0 = Debug|Any CPU
		{3DC5CC31-9CEB-43D5-837F-2DCC72D85390}.Release|Any CPU.ActiveCfg = Release|Any CPU
		{3DC5CC31-9CEB-43D5-837F-2DCC72D85390}.Release|Any CPU.Build.0 = Release|Any CPU
		{2F98F070-FBA2-49BA-85DA-66FD7F64E316}.Debug|Any CPU.ActiveCfg = Debug|Any CPU
		{2F98F070-FBA2-49BA-85DA-66FD7F64E316}.Debug|Any CPU.Build.0 = Debug|Any CPU
		{2F98F070-FBA2-49BA-85DA-66FD7F64E316}.Release|Any CPU.ActiveCfg = Release|Any CPU
		{2F98F070-FBA2-49BA-85DA-66FD7F64E316}.Release|Any CPU.Build.0 = Release|Any CPU
		{6C910852-09A5-4938-8B4E-E62DBDD49010}.Debug|Any CPU.ActiveCfg = Debug|Any CPU
		{6C910852-09A5-4938-8B4E-E62DBDD49010}.Debug|Any CPU.Build.0 = Debug|Any CPU
		{6C910852-09A5-4938-8B4E-E62DBDD49010}.Release|Any CPU.ActiveCfg = Release|Any CPU
		{6C910852-09A5-4938-8B4E-E62DBDD49010}.Release|Any CPU.Build.0 = Release|Any CPU
		{74963BE9-CA0A-4C2B-A79C-09A7E372E7B8}.Debug|Any CPU.ActiveCfg = Debug|Any CPU
		{74963BE9-CA0A-4C2B-A79C-09A7E372E7B8}.Debug|Any CPU.Build.0 = Debug|Any CPU
		{74963BE9-CA0A-4C2B-A79C-09A7E372E7B8}.Release|Any CPU.ActiveCfg = Release|Any CPU
		{74963BE9-CA0A-4C2B-A79C-09A7E372E7B8}.Release|Any CPU.Build.0 = Release|Any CPU
		{53DCBAC7-8CF9-4AD8-8B2B-298136114444}.Debug|Any CPU.ActiveCfg = Debug|Any CPU
		{53DCBAC7-8CF9-4AD8-8B2B-298136114444}.Debug|Any CPU.Build.0 = Debug|Any CPU
		{53DCBAC7-8CF9-4AD8-8B2B-298136114444}.Release|Any CPU.ActiveCfg = Release|Any CPU
		{53DCBAC7-8CF9-4AD8-8B2B-298136114444}.Release|Any CPU.Build.0 = Release|Any CPU
		{CFEFF40C-814C-4BF4-AAD6-148182566224}.Debug|Any CPU.ActiveCfg = Debug|Any CPU
		{CFEFF40C-814C-4BF4-AAD6-148182566224}.Debug|Any CPU.Build.0 = Debug|Any CPU
		{CFEFF40C-814C-4BF4-AAD6-148182566224}.Release|Any CPU.ActiveCfg = Release|Any CPU
		{CFEFF40C-814C-4BF4-AAD6-148182566224}.Release|Any CPU.Build.0 = Release|Any CPU
		{9B6F4524-687A-4CB5-97D4-8814E7DC7C24}.Debug|Any CPU.ActiveCfg = Debug|Any CPU
		{9B6F4524-687A-4CB5-97D4-8814E7DC7C24}.Debug|Any CPU.Build.0 = Debug|Any CPU
		{9B6F4524-687A-4CB5-97D4-8814E7DC7C24}.Release|Any CPU.ActiveCfg = Release|Any CPU
		{9B6F4524-687A-4CB5-97D4-8814E7DC7C24}.Release|Any CPU.Build.0 = Release|Any CPU
		{1269AAE4-FEB4-4C78-A315-4C9F2D951E1D}.Debug|Any CPU.ActiveCfg = Debug|Any CPU
		{1269AAE4-FEB4-4C78-A315-4C9F2D951E1D}.Debug|Any CPU.Build.0 = Debug|Any CPU
		{1269AAE4-FEB4-4C78-A315-4C9F2D951E1D}.Release|Any CPU.ActiveCfg = Release|Any CPU
		{1269AAE4-FEB4-4C78-A315-4C9F2D951E1D}.Release|Any CPU.Build.0 = Release|Any CPU
		{7C910F48-8113-4172-826A-790559376DD7}.Debug|Any CPU.ActiveCfg = Debug|Any CPU
		{7C910F48-8113-4172-826A-790559376DD7}.Debug|Any CPU.Build.0 = Debug|Any CPU
		{7C910F48-8113-4172-826A-790559376DD7}.Release|Any CPU.ActiveCfg = Release|Any CPU
		{7C910F48-8113-4172-826A-790559376DD7}.Release|Any CPU.Build.0 = Release|Any CPU
		{AAF222B8-4C6B-4BC6-93AC-E5207736056F}.Debug|Any CPU.ActiveCfg = Debug|Any CPU
		{AAF222B8-4C6B-4BC6-93AC-E5207736056F}.Debug|Any CPU.Build.0 = Debug|Any CPU
		{AAF222B8-4C6B-4BC6-93AC-E5207736056F}.Release|Any CPU.ActiveCfg = Release|Any CPU
		{AAF222B8-4C6B-4BC6-93AC-E5207736056F}.Release|Any CPU.Build.0 = Release|Any CPU
		{29C6B190-7C33-4912-8925-46787020D6B6}.Debug|Any CPU.ActiveCfg = Debug|Any CPU
		{29C6B190-7C33-4912-8925-46787020D6B6}.Debug|Any CPU.Build.0 = Debug|Any CPU
		{29C6B190-7C33-4912-8925-46787020D6B6}.Release|Any CPU.ActiveCfg = Release|Any CPU
		{29C6B190-7C33-4912-8925-46787020D6B6}.Release|Any CPU.Build.0 = Release|Any CPU
		{DB123B7D-C912-4AD4-9714-BFE1A32177FF}.Debug|Any CPU.ActiveCfg = Debug|Any CPU
		{DB123B7D-C912-4AD4-9714-BFE1A32177FF}.Debug|Any CPU.Build.0 = Debug|Any CPU
		{DB123B7D-C912-4AD4-9714-BFE1A32177FF}.Release|Any CPU.ActiveCfg = Release|Any CPU
		{DB123B7D-C912-4AD4-9714-BFE1A32177FF}.Release|Any CPU.Build.0 = Release|Any CPU
	EndGlobalSection
	GlobalSection(SolutionProperties) = preSolution
		HideSolutionNode = FALSE
	EndGlobalSection
	GlobalSection(ExtensibilityGlobals) = postSolution
		SolutionGuid = {E2D5FE77-DFBC-480C-AD5D-2140B6D8D472}
	EndGlobalSection
EndGlobal
