
Microsoft Visual Studio Solution File, Format Version 12.00
# Visual Studio 15
VisualStudioVersion = 15.0.26730.12
MinimumVisualStudioVersion = 10.0.40219.1
Project("{FAE04EC0-301F-11D3-BF4B-00C04F79EFBC}") = "IMS.TimeSheet", "IMS.TimeSheet\IMS.TimeSheet.csproj", "{B58C8681-9B14-4FB6-B19F-A2955BE5D5A4}"
EndProject
Project("{FAE04EC0-301F-11D3-BF4B-00C04F79EFBC}") = "IMS.WorkFromHome", "IMS.WorkFromHome\IMS.WorkFromHome.csproj", "{0C664F84-7039-472A-9993-71C710381BC3}"
EndProject
Project("{FAE04EC0-301F-11D3-BF4B-00C04F79EFBC}") = "Canvas", "Canvas\Canvas.csproj", "{1D533E56-9B48-4578-A333-2FB44CEE900F}"
EndProject
Project("{FAE04EC0-301F-11D3-BF4B-00C04F79EFBC}") = "Canvas.Standard", "Canvas.Standard\Canvas.Standard.csproj", "{3DC5CC31-9CEB-43D5-837F-2DCC72D85390}"
EndProject
Project("{FAE04EC0-301F-11D3-BF4B-00C04F79EFBC}") = "Canvas.Core", "Canvas.Core\Canvas.Core.csproj", "{2F98F070-FBA2-49BA-85DA-66FD7F64E316}"
EndProject
Global
	GlobalSection(SolutionConfigurationPlatforms) = preSolution
		Debug|Any CPU = Debug|Any CPU
		Release|Any CPU = Release|Any CPU
	EndGlobalSection
	GlobalSection(ProjectConfigurationPlatforms) = postSolution
		{B58C8681-9B14-4FB6-B19F-A2955BE5D5A4}.Debug|Any CPU.ActiveCfg = Debug|Any CPU
		{B58C8681-9B14-4FB6-B19F-A2955BE5D5A4}.Debug|Any CPU.Build.0 = Debug|Any CPU
		{B58C8681-9B14-4FB6-B19F-A2955BE5D5A4}.Release|Any CPU.ActiveCfg = Release|Any CPU
		{B58C8681-9B14-4FB6-B19F-A2955BE5D5A4}.Release|Any CPU.Build.0 = Release|Any CPU
		{0C664F84-7039-472A-9993-71C710381BC3}.Debug|Any CPU.ActiveCfg = Debug|Any CPU
		{0C664F84-7039-472A-9993-71C710381BC3}.Debug|Any CPU.Build.0 = Debug|Any CPU
		{0C664F84-7039-472A-9993-71C710381BC3}.Release|Any CPU.ActiveCfg = Release|Any CPU
		{0C664F84-7039-472A-9993-71C710381BC3}.Release|Any CPU.Build.0 = Release|Any CPU
		{1D533E56-9B48-4578-A333-2FB44CEE900F}.Debug|Any CPU.ActiveCfg = Debug|Any CPU
		{1D533E56-9B48-4578-A333-2FB44CEE900F}.Debug|Any CPU.Build.0 = Debug|Any CPU
		{1D533E56-9B48-4578-A333-2FB44CEE900F}.Release|Any CPU.ActiveCfg = Release|Any CPU
		{1D533E56-9B48-4578-A333-2FB44CEE900F}.Release|Any CPU.Build.0 = Release|Any CPU
		{3DC5CC31-9CEB-43D5-837F-2DCC72D85390}.Debug|Any CPU.ActiveCfg = Debug|Any CPU
		{3DC5CC31-9CEB-43D5-837F-2DCC72D85390}.Debug|Any CPU.Build.0 = Debug|Any CPU
		{3DC5CC31-9CEB-43D5-837F-2DCC72D85390}.Release|Any CPU.ActiveCfg = Release|Any CPU
		{3DC5CC31-9CEB-43D5-837F-2DCC72D85390}.Release|Any CPU.Build.0 = Release|Any CPU
		{2F98F070-FBA2-49BA-85DA-66FD7F64E316}.Debug|Any CPU.ActiveCfg = Debug|Any CPU
		{2F98F070-FBA2-49BA-85DA-66FD7F64E316}.Debug|Any CPU.Build.0 = Debug|Any CPU
		{2F98F070-FBA2-49BA-85DA-66FD7F64E316}.Release|Any CPU.ActiveCfg = Release|Any CPU
		{2F98F070-FBA2-49BA-85DA-66FD7F64E316}.Release|Any CPU.Build.0 = Release|Any CPU
	EndGlobalSection
	GlobalSection(SolutionProperties) = preSolution
		HideSolutionNode = FALSE
	EndGlobalSection
	GlobalSection(ExtensibilityGlobals) = postSolution
		SolutionGuid = {E2D5FE77-DFBC-480C-AD5D-2140B6D8D472}
	EndGlobalSection
EndGlobal
